codeberg.org/gruf/go-byteutil v1.1.2 h1:TQLZtTxTNca9xEfDIndmo7nBYxeS94nrv/9DS3Nk5Tw=
codeberg.org/gruf/go-byteutil v1.1.2/go.mod h1:cWM3tgMCroSzqoBXUXMhvxTxYJp+TbCr6ioISRY5vSU=
codeberg.org/gruf/go-xgbutil v1.0.0 h1:l7BepnVw7JGc+LMYgpL1qHyrJ4qAS471mLMz20skJFs=
codeberg.org/gruf/go-xgbutil v1.0.0/go.mod h1:WUndKE6hGDnvrgSseqkeyMArGjx7S4+g2NsWSgtdBlA=
